
Microsoft Visual Studio Solution File, Format Version 12.00
# Visual Studio Version 16
VisualStudioVersion = 16.0.33529.622
MinimumVisualStudioVersion = 10.0.40219.1
Project("{FAE04EC0-301F-11D3-BF4B-00C04F79EFBC}") = "tp1.1", "Tp1.1\tp1.1.csproj", "{AAB3FC5D-B6DB-4A3D-B3B7-C3DF2C821A34}"
EndProject
Project("{FAE04EC0-301F-11D3-BF4B-00C04F79EFBC}") = "tp1.2", "TP1.2.1\tp1.2.csproj", "{95A9C5FF-1AAA-4297-93BB-44259209414C}"
EndProject
Project("{FAE04EC0-301F-11D3-BF4B-00C04F79EFBC}") = "tp1.3", "TP1.3.1\tp1.3.csproj", "{9645F5A8-4318-4F92-840F-4F9409A9D2BC}"
EndProject
Project("{FAE04EC0-301F-11D3-BF4B-00C04F79EFBC}") = "tp1.4", "tp1.4\tp1.4.csproj", "{4F20458E-58DD-4A14-9CA0-B7DD43CE107D}"
EndProject
Project("{FAE04EC0-301F-11D3-BF4B-00C04F79EFBC}") = "tp2.1", "tp2.1\tp2.1.csproj", "{E1F9F413-8C0D-4E89-BD04-61D90EB58346}"
EndProject
Project("{FAE04EC0-301F-11D3-BF4B-00C04F79EFBC}") = "tp2.2", "tp2.2\tp2.2.csproj", "{E3560411-B19E-4B3C-BA37-E117572409A0}"
EndProject
Project("{FAE04EC0-301F-11D3-BF4B-00C04F79EFBC}") = "tp2.3", "tp2.3\tp2.3.csproj", "{1456A396-306C-4D93-A3E2-1DE633F8DB43}"
EndProject
Project("{FAE04EC0-301F-11D3-BF4B-00C04F79EFBC}") = "tp2.4", "tp2.4\tp2.4.csproj", "{00C4481E-B7DC-41A2-BD03-3E56EA12030C}"
EndProject
Project("{FAE04EC0-301F-11D3-BF4B-00C04F79EFBC}") = "tp2.5", "tp2.5\tp2.5.csproj", "{0316FB0F-ADA3-4926-BF48-3C5D11C802EC}"
EndProject
Project("{FAE04EC0-301F-11D3-BF4B-00C04F79EFBC}") = "tp2.6", "tp2.6\tp2.6.csproj", "{CE2602F3-6444-43D4-855E-B423D63712E6}"
EndProject
Project("{FAE04EC0-301F-11D3-BF4B-00C04F79EFBC}") = "tp2.7", "tp2.7\tp2.7.csproj", "{CE72999B-9EBA-447A-A451-1D3AFDC1F0DC}"
EndProject
Project("{FAE04EC0-301F-11D3-BF4B-00C04F79EFBC}") = "tp2.8", "tp2.8\tp2.8.csproj", "{47ACE55C-457F-48BF-AB62-98DC6308F21A}"
EndProject
Project("{FAE04EC0-301F-11D3-BF4B-00C04F79EFBC}") = "tp2.2.1", "tp2.2.1\tp2.2.1.csproj", "{8B295FF8-2169-42F8-9195-AC3413E93501}"
EndProject
Project("{FAE04EC0-301F-11D3-BF4B-00C04F79EFBC}") = "tp2.2.2", "2.2.2\tp2.2.2.csproj", "{3EE83E40-7734-496B-80A3-BF7A644C6CC3}"
EndProject
Project("{FAE04EC0-301F-11D3-BF4B-00C04F79EFBC}") = "tp2.2.3", "tp2.2.3\tp2.2.3.csproj", "{D9187B98-2C6B-4FCF-88E8-1D08530FC4D4}"
EndProject
Project("{FAE04EC0-301F-11D3-BF4B-00C04F79EFBC}") = "tp3.1", "tp3.1\tp3.1.csproj", "{148BC908-2931-45A0-A627-AA47546959E3}"
EndProject
Project("{FAE04EC0-301F-11D3-BF4B-00C04F79EFBC}") = "tp3.2", "tp3.2\tp3.2.csproj", "{5B04E1B2-BFEE-4024-9F0F-78097FA8AA02}"
EndProject
Project("{FAE04EC0-301F-11D3-BF4B-00C04F79EFBC}") = "tp3.3", "tp3.3\tp3.3.csproj", "{32F7FE3F-9A92-46EC-A631-EEE387F998B5}"
EndProject
Project("{FAE04EC0-301F-11D3-BF4B-00C04F79EFBC}") = "tp3.4", "tp3.4\tp3.4.csproj", "{F8B9D7C3-B122-4922-B8A1-426B439F8A0B}"
EndProject
Project("{FAE04EC0-301F-11D3-BF4B-00C04F79EFBC}") = "tp3.5", "tp3.5\tp3.5.csproj", "{7C58CD2E-4ED3-41CB-9ABD-AFAC535625F6}"
EndProject
Project("{FAE04EC0-301F-11D3-BF4B-00C04F79EFBC}") = "tp3.6", "tp3.6\tp3.6.csproj", "{AF37D8A5-08D8-4D5C-891D-68BD5F1C5E4D}"
EndProject
Project("{2150E333-8FDC-42A3-9474-1A3956D46DE8}") = "tp1", "tp1", "{95D532BE-5234-4900-B7DB-FE242830A0BE}"
EndProject
Project("{2150E333-8FDC-42A3-9474-1A3956D46DE8}") = "tp2", "tp2", "{60062EAC-65E9-48D5-928A-E42F5E6173E3}"
EndProject
Project("{2150E333-8FDC-42A3-9474-1A3956D46DE8}") = "tp3", "tp3", "{FD831645-9BEE-4904-A1BB-26EAAD1D240F}"
EndProject
Project("{FAE04EC0-301F-11D3-BF4B-00C04F79EFBC}") = "tp3.7", "tp3.7\tp3.7.csproj", "{152D87DE-5C05-4422-9889-231EDC47E4BF}"
EndProject
Project("{FAE04EC0-301F-11D3-BF4B-00C04F79EFBC}") = "tp3.8", "tp3.8\tp3.8.csproj", "{94C794CB-5E1C-4B17-B97F-2757DF44E24C}"
EndProject
Project("{FAE04EC0-301F-11D3-BF4B-00C04F79EFBC}") = "tp3.9", "tp3.9\tp3.9.csproj", "{6C1DE780-7812-495C-BE26-902703EC5DEF}"
EndProject
Project("{FAE04EC0-301F-11D3-BF4B-00C04F79EFBC}") = "tp3.10", "tp3.10\tp3.10.csproj", "{80B38403-460C-49BD-A1F2-83CB992124C7}"
EndProject
Project("{FAE04EC0-301F-11D3-BF4B-00C04F79EFBC}") = "tp3Console", "tp3Console\tp3Console.csproj", "{F5A27EE2-0C2A-4531-A3DC-4D67F05E838B}"
EndProject
Project("{FAE04EC0-301F-11D3-BF4B-00C04F79EFBC}") = "tp4.1", "tp4.1\tp4.1.csproj", "{C4BF04E0-A051-4771-B27D-B56DAD907419}"
EndProject
Project("{2150E333-8FDC-42A3-9474-1A3956D46DE8}") = "tp4", "tp4", "{7FDBBBEF-6C77-40D9-96E9-94A67C32A3FC}"
EndProject
Project("{FAE04EC0-301F-11D3-BF4B-00C04F79EFBC}") = "tp4.2", "tp4.2\tp4.2.csproj", "{59C1354D-7634-4F52-B06A-AA7BB1303458}"
EndProject
Project("{FAE04EC0-301F-11D3-BF4B-00C04F79EFBC}") = "tp4.3", "tp4.3\tp4.3.csproj", "{F0A46499-B3B1-4DEF-9AD5-5721979DBC46}"
EndProject
Project("{FAE04EC0-301F-11D3-BF4B-00C04F79EFBC}") = "tp4.4", "tp4.4\tp4.4.csproj", "{3E9F4D62-D441-4987-B718-E2749EEEA087}"
EndProject
Project("{FAE04EC0-301F-11D3-BF4B-00C04F79EFBC}") = "tp4.5", "tp4.5\tp4.5.csproj", "{638F4D3E-0189-4C73-A528-1A061DB4571C}"
EndProject
Project("{FAE04EC0-301F-11D3-BF4B-00C04F79EFBC}") = "tp4.6", "tp4.6\tp4.6.csproj", "{B922F5D1-E199-429C-AC98-642871D1B60C}"
EndProject
Project("{FAE04EC0-301F-11D3-BF4B-00C04F79EFBC}") = "tp4.7", "tp4.7\tp4.7.csproj", "{9C2A3666-876A-4EEB-9066-3A83887C9E90}"
EndProject
Project("{FAE04EC0-301F-11D3-BF4B-00C04F79EFBC}") = "tp4.8", "tp4.8\tp4.8.csproj", "{D9FC4278-AE27-4731-B29B-BFA65A3DB177}"
EndProject
Project("{FAE04EC0-301F-11D3-BF4B-00C04F79EFBC}") = "tp4.9", "tp4.9\tp4.9.csproj", "{DBD2ACED-96EC-450B-8DE2-B5DDE0C07943}"
EndProject
Project("{FAE04EC0-301F-11D3-BF4B-00C04F79EFBC}") = "tp4.10", "tp4.10\tp4.10.csproj", "{126B4B14-7C14-46DB-9B40-4C6C49D6CFCD}"
EndProject
Global
	GlobalSection(SolutionConfigurationPlatforms) = preSolution
		Debug|Any CPU = Debug|Any CPU
		Release|Any CPU = Release|Any CPU
	EndGlobalSection
	GlobalSection(ProjectConfigurationPlatforms) = postSolution
		{AAB3FC5D-B6DB-4A3D-B3B7-C3DF2C821A34}.Debug|Any CPU.ActiveCfg = Debug|Any CPU
		{AAB3FC5D-B6DB-4A3D-B3B7-C3DF2C821A34}.Debug|Any CPU.Build.0 = Debug|Any CPU
		{AAB3FC5D-B6DB-4A3D-B3B7-C3DF2C821A34}.Release|Any CPU.ActiveCfg = Release|Any CPU
		{AAB3FC5D-B6DB-4A3D-B3B7-C3DF2C821A34}.Release|Any CPU.Build.0 = Release|Any CPU
		{95A9C5FF-1AAA-4297-93BB-44259209414C}.Debug|Any CPU.ActiveCfg = Debug|Any CPU
		{95A9C5FF-1AAA-4297-93BB-44259209414C}.Debug|Any CPU.Build.0 = Debug|Any CPU
		{95A9C5FF-1AAA-4297-93BB-44259209414C}.Release|Any CPU.ActiveCfg = Release|Any CPU
		{95A9C5FF-1AAA-4297-93BB-44259209414C}.Release|Any CPU.Build.0 = Release|Any CPU
		{9645F5A8-4318-4F92-840F-4F9409A9D2BC}.Debug|Any CPU.ActiveCfg = Debug|Any CPU
		{9645F5A8-4318-4F92-840F-4F9409A9D2BC}.Debug|Any CPU.Build.0 = Debug|Any CPU
		{9645F5A8-4318-4F92-840F-4F9409A9D2BC}.Release|Any CPU.ActiveCfg = Release|Any CPU
		{9645F5A8-4318-4F92-840F-4F9409A9D2BC}.Release|Any CPU.Build.0 = Release|Any CPU
		{4F20458E-58DD-4A14-9CA0-B7DD43CE107D}.Debug|Any CPU.ActiveCfg = Debug|Any CPU
		{4F20458E-58DD-4A14-9CA0-B7DD43CE107D}.Debug|Any CPU.Build.0 = Debug|Any CPU
		{4F20458E-58DD-4A14-9CA0-B7DD43CE107D}.Release|Any CPU.ActiveCfg = Release|Any CPU
		{4F20458E-58DD-4A14-9CA0-B7DD43CE107D}.Release|Any CPU.Build.0 = Release|Any CPU
		{E1F9F413-8C0D-4E89-BD04-61D90EB58346}.Debug|Any CPU.ActiveCfg = Debug|Any CPU
		{E1F9F413-8C0D-4E89-BD04-61D90EB58346}.Debug|Any CPU.Build.0 = Debug|Any CPU
		{E1F9F413-8C0D-4E89-BD04-61D90EB58346}.Release|Any CPU.ActiveCfg = Release|Any CPU
		{E1F9F413-8C0D-4E89-BD04-61D90EB58346}.Release|Any CPU.Build.0 = Release|Any CPU
		{E3560411-B19E-4B3C-BA37-E117572409A0}.Debug|Any CPU.ActiveCfg = Debug|Any CPU
		{E3560411-B19E-4B3C-BA37-E117572409A0}.Debug|Any CPU.Build.0 = Debug|Any CPU
		{E3560411-B19E-4B3C-BA37-E117572409A0}.Release|Any CPU.ActiveCfg = Release|Any CPU
		{E3560411-B19E-4B3C-BA37-E117572409A0}.Release|Any CPU.Build.0 = Release|Any CPU
		{1456A396-306C-4D93-A3E2-1DE633F8DB43}.Debug|Any CPU.ActiveCfg = Debug|Any CPU
		{1456A396-306C-4D93-A3E2-1DE633F8DB43}.Debug|Any CPU.Build.0 = Debug|Any CPU
		{1456A396-306C-4D93-A3E2-1DE633F8DB43}.Release|Any CPU.ActiveCfg = Release|Any CPU
		{1456A396-306C-4D93-A3E2-1DE633F8DB43}.Release|Any CPU.Build.0 = Release|Any CPU
		{00C4481E-B7DC-41A2-BD03-3E56EA12030C}.Debug|Any CPU.ActiveCfg = Debug|Any CPU
		{00C4481E-B7DC-41A2-BD03-3E56EA12030C}.Debug|Any CPU.Build.0 = Debug|Any CPU
		{00C4481E-B7DC-41A2-BD03-3E56EA12030C}.Release|Any CPU.ActiveCfg = Release|Any CPU
		{00C4481E-B7DC-41A2-BD03-3E56EA12030C}.Release|Any CPU.Build.0 = Release|Any CPU
		{0316FB0F-ADA3-4926-BF48-3C5D11C802EC}.Debug|Any CPU.ActiveCfg = Debug|Any CPU
		{0316FB0F-ADA3-4926-BF48-3C5D11C802EC}.Debug|Any CPU.Build.0 = Debug|Any CPU
		{0316FB0F-ADA3-4926-BF48-3C5D11C802EC}.Release|Any CPU.ActiveCfg = Release|Any CPU
		{0316FB0F-ADA3-4926-BF48-3C5D11C802EC}.Release|Any CPU.Build.0 = Release|Any CPU
		{CE2602F3-6444-43D4-855E-B423D63712E6}.Debug|Any CPU.ActiveCfg = Debug|Any CPU
		{CE2602F3-6444-43D4-855E-B423D63712E6}.Debug|Any CPU.Build.0 = Debug|Any CPU
		{CE2602F3-6444-43D4-855E-B423D63712E6}.Release|Any CPU.ActiveCfg = Release|Any CPU
		{CE2602F3-6444-43D4-855E-B423D63712E6}.Release|Any CPU.Build.0 = Release|Any CPU
		{CE72999B-9EBA-447A-A451-1D3AFDC1F0DC}.Debug|Any CPU.ActiveCfg = Debug|Any CPU
		{CE72999B-9EBA-447A-A451-1D3AFDC1F0DC}.Debug|Any CPU.Build.0 = Debug|Any CPU
		{CE72999B-9EBA-447A-A451-1D3AFDC1F0DC}.Release|Any CPU.ActiveCfg = Release|Any CPU
		{CE72999B-9EBA-447A-A451-1D3AFDC1F0DC}.Release|Any CPU.Build.0 = Release|Any CPU
		{47ACE55C-457F-48BF-AB62-98DC6308F21A}.Debug|Any CPU.ActiveCfg = Debug|Any CPU
		{47ACE55C-457F-48BF-AB62-98DC6308F21A}.Debug|Any CPU.Build.0 = Debug|Any CPU
		{47ACE55C-457F-48BF-AB62-98DC6308F21A}.Release|Any CPU.ActiveCfg = Release|Any CPU
		{47ACE55C-457F-48BF-AB62-98DC6308F21A}.Release|Any CPU.Build.0 = Release|Any CPU
		{8B295FF8-2169-42F8-9195-AC3413E93501}.Debug|Any CPU.ActiveCfg = Debug|Any CPU
		{8B295FF8-2169-42F8-9195-AC3413E93501}.Debug|Any CPU.Build.0 = Debug|Any CPU
		{8B295FF8-2169-42F8-9195-AC3413E93501}.Release|Any CPU.ActiveCfg = Release|Any CPU
		{8B295FF8-2169-42F8-9195-AC3413E93501}.Release|Any CPU.Build.0 = Release|Any CPU
		{3EE83E40-7734-496B-80A3-BF7A644C6CC3}.Debug|Any CPU.ActiveCfg = Debug|Any CPU
		{3EE83E40-7734-496B-80A3-BF7A644C6CC3}.Debug|Any CPU.Build.0 = Debug|Any CPU
		{3EE83E40-7734-496B-80A3-BF7A644C6CC3}.Release|Any CPU.ActiveCfg = Release|Any CPU
		{3EE83E40-7734-496B-80A3-BF7A644C6CC3}.Release|Any CPU.Build.0 = Release|Any CPU
		{D9187B98-2C6B-4FCF-88E8-1D08530FC4D4}.Debug|Any CPU.ActiveCfg = Debug|Any CPU
		{D9187B98-2C6B-4FCF-88E8-1D08530FC4D4}.Debug|Any CPU.Build.0 = Debug|Any CPU
		{D9187B98-2C6B-4FCF-88E8-1D08530FC4D4}.Release|Any CPU.ActiveCfg = Release|Any CPU
		{D9187B98-2C6B-4FCF-88E8-1D08530FC4D4}.Release|Any CPU.Build.0 = Release|Any CPU
		{148BC908-2931-45A0-A627-AA47546959E3}.Debug|Any CPU.ActiveCfg = Debug|Any CPU
		{148BC908-2931-45A0-A627-AA47546959E3}.Debug|Any CPU.Build.0 = Debug|Any CPU
		{148BC908-2931-45A0-A627-AA47546959E3}.Release|Any CPU.ActiveCfg = Release|Any CPU
		{148BC908-2931-45A0-A627-AA47546959E3}.Release|Any CPU.Build.0 = Release|Any CPU
		{5B04E1B2-BFEE-4024-9F0F-78097FA8AA02}.Debug|Any CPU.ActiveCfg = Debug|Any CPU
		{5B04E1B2-BFEE-4024-9F0F-78097FA8AA02}.Debug|Any CPU.Build.0 = Debug|Any CPU
		{5B04E1B2-BFEE-4024-9F0F-78097FA8AA02}.Release|Any CPU.ActiveCfg = Release|Any CPU
		{5B04E1B2-BFEE-4024-9F0F-78097FA8AA02}.Release|Any CPU.Build.0 = Release|Any CPU
		{32F7FE3F-9A92-46EC-A631-EEE387F998B5}.Debug|Any CPU.ActiveCfg = Debug|Any CPU
		{32F7FE3F-9A92-46EC-A631-EEE387F998B5}.Debug|Any CPU.Build.0 = Debug|Any CPU
		{32F7FE3F-9A92-46EC-A631-EEE387F998B5}.Release|Any CPU.ActiveCfg = Release|Any CPU
		{32F7FE3F-9A92-46EC-A631-EEE387F998B5}.Release|Any CPU.Build.0 = Release|Any CPU
		{F8B9D7C3-B122-4922-B8A1-426B439F8A0B}.Debug|Any CPU.ActiveCfg = Debug|Any CPU
		{F8B9D7C3-B122-4922-B8A1-426B439F8A0B}.Debug|Any CPU.Build.0 = Debug|Any CPU
		{F8B9D7C3-B122-4922-B8A1-426B439F8A0B}.Release|Any CPU.ActiveCfg = Release|Any CPU
		{F8B9D7C3-B122-4922-B8A1-426B439F8A0B}.Release|Any CPU.Build.0 = Release|Any CPU
		{7C58CD2E-4ED3-41CB-9ABD-AFAC535625F6}.Debug|Any CPU.ActiveCfg = Debug|Any CPU
		{7C58CD2E-4ED3-41CB-9ABD-AFAC535625F6}.Debug|Any CPU.Build.0 = Debug|Any CPU
		{7C58CD2E-4ED3-41CB-9ABD-AFAC535625F6}.Release|Any CPU.ActiveCfg = Release|Any CPU
		{7C58CD2E-4ED3-41CB-9ABD-AFAC535625F6}.Release|Any CPU.Build.0 = Release|Any CPU
		{AF37D8A5-08D8-4D5C-891D-68BD5F1C5E4D}.Debug|Any CPU.ActiveCfg = Debug|Any CPU
		{AF37D8A5-08D8-4D5C-891D-68BD5F1C5E4D}.Debug|Any CPU.Build.0 = Debug|Any CPU
		{AF37D8A5-08D8-4D5C-891D-68BD5F1C5E4D}.Release|Any CPU.ActiveCfg = Release|Any CPU
		{AF37D8A5-08D8-4D5C-891D-68BD5F1C5E4D}.Release|Any CPU.Build.0 = Release|Any CPU
		{152D87DE-5C05-4422-9889-231EDC47E4BF}.Debug|Any CPU.ActiveCfg = Debug|Any CPU
		{152D87DE-5C05-4422-9889-231EDC47E4BF}.Debug|Any CPU.Build.0 = Debug|Any CPU
		{152D87DE-5C05-4422-9889-231EDC47E4BF}.Release|Any CPU.ActiveCfg = Release|Any CPU
		{152D87DE-5C05-4422-9889-231EDC47E4BF}.Release|Any CPU.Build.0 = Release|Any CPU
		{94C794CB-5E1C-4B17-B97F-2757DF44E24C}.Debug|Any CPU.ActiveCfg = Debug|Any CPU
		{94C794CB-5E1C-4B17-B97F-2757DF44E24C}.Debug|Any CPU.Build.0 = Debug|Any CPU
		{94C794CB-5E1C-4B17-B97F-2757DF44E24C}.Release|Any CPU.ActiveCfg = Release|Any CPU
		{94C794CB-5E1C-4B17-B97F-2757DF44E24C}.Release|Any CPU.Build.0 = Release|Any CPU
		{6C1DE780-7812-495C-BE26-902703EC5DEF}.Debug|Any CPU.ActiveCfg = Debug|Any CPU
		{6C1DE780-7812-495C-BE26-902703EC5DEF}.Debug|Any CPU.Build.0 = Debug|Any CPU
		{6C1DE780-7812-495C-BE26-902703EC5DEF}.Release|Any CPU.ActiveCfg = Release|Any CPU
		{6C1DE780-7812-495C-BE26-902703EC5DEF}.Release|Any CPU.Build.0 = Release|Any CPU
		{80B38403-460C-49BD-A1F2-83CB992124C7}.Debug|Any CPU.ActiveCfg = Debug|Any CPU
		{80B38403-460C-49BD-A1F2-83CB992124C7}.Debug|Any CPU.Build.0 = Debug|Any CPU
		{80B38403-460C-49BD-A1F2-83CB992124C7}.Release|Any CPU.ActiveCfg = Release|Any CPU
		{80B38403-460C-49BD-A1F2-83CB992124C7}.Release|Any CPU.Build.0 = Release|Any CPU
		{F5A27EE2-0C2A-4531-A3DC-4D67F05E838B}.Debug|Any CPU.ActiveCfg = Debug|Any CPU
		{F5A27EE2-0C2A-4531-A3DC-4D67F05E838B}.Debug|Any CPU.Build.0 = Debug|Any CPU
		{F5A27EE2-0C2A-4531-A3DC-4D67F05E838B}.Release|Any CPU.ActiveCfg = Release|Any CPU
		{F5A27EE2-0C2A-4531-A3DC-4D67F05E838B}.Release|Any CPU.Build.0 = Release|Any CPU
		{C4BF04E0-A051-4771-B27D-B56DAD907419}.Debug|Any CPU.ActiveCfg = Debug|Any CPU
		{C4BF04E0-A051-4771-B27D-B56DAD907419}.Debug|Any CPU.Build.0 = Debug|Any CPU
		{C4BF04E0-A051-4771-B27D-B56DAD907419}.Release|Any CPU.ActiveCfg = Release|Any CPU
		{C4BF04E0-A051-4771-B27D-B56DAD907419}.Release|Any CPU.Build.0 = Release|Any CPU
		{59C1354D-7634-4F52-B06A-AA7BB1303458}.Debug|Any CPU.ActiveCfg = Debug|Any CPU
		{59C1354D-7634-4F52-B06A-AA7BB1303458}.Debug|Any CPU.Build.0 = Debug|Any CPU
		{59C1354D-7634-4F52-B06A-AA7BB1303458}.Release|Any CPU.ActiveCfg = Release|Any CPU
		{59C1354D-7634-4F52-B06A-AA7BB1303458}.Release|Any CPU.Build.0 = Release|Any CPU
		{F0A46499-B3B1-4DEF-9AD5-5721979DBC46}.Debug|Any CPU.ActiveCfg = Debug|Any CPU
		{F0A46499-B3B1-4DEF-9AD5-5721979DBC46}.Debug|Any CPU.Build.0 = Debug|Any CPU
		{F0A46499-B3B1-4DEF-9AD5-5721979DBC46}.Release|Any CPU.ActiveCfg = Release|Any CPU
		{F0A46499-B3B1-4DEF-9AD5-5721979DBC46}.Release|Any CPU.Build.0 = Release|Any CPU
		{3E9F4D62-D441-4987-B718-E2749EEEA087}.Debug|Any CPU.ActiveCfg = Debug|Any CPU
		{3E9F4D62-D441-4987-B718-E2749EEEA087}.Debug|Any CPU.Build.0 = Debug|Any CPU
		{3E9F4D62-D441-4987-B718-E2749EEEA087}.Release|Any CPU.ActiveCfg = Release|Any CPU
		{3E9F4D62-D441-4987-B718-E2749EEEA087}.Release|Any CPU.Build.0 = Release|Any CPU
		{638F4D3E-0189-4C73-A528-1A061DB4571C}.Debug|Any CPU.ActiveCfg = Debug|Any CPU
		{638F4D3E-0189-4C73-A528-1A061DB4571C}.Debug|Any CPU.Build.0 = Debug|Any CPU
		{638F4D3E-0189-4C73-A528-1A061DB4571C}.Release|Any CPU.ActiveCfg = Release|Any CPU
		{638F4D3E-0189-4C73-A528-1A061DB4571C}.Release|Any CPU.Build.0 = Release|Any CPU
		{B922F5D1-E199-429C-AC98-642871D1B60C}.Debug|Any CPU.ActiveCfg = Debug|Any CPU
		{B922F5D1-E199-429C-AC98-642871D1B60C}.Debug|Any CPU.Build.0 = Debug|Any CPU
		{B922F5D1-E199-429C-AC98-642871D1B60C}.Release|Any CPU.ActiveCfg = Release|Any CPU
		{B922F5D1-E199-429C-AC98-642871D1B60C}.Release|Any CPU.Build.0 = Release|Any CPU
		{9C2A3666-876A-4EEB-9066-3A83887C9E90}.Debug|Any CPU.ActiveCfg = Debug|Any CPU
		{9C2A3666-876A-4EEB-9066-3A83887C9E90}.Debug|Any CPU.Build.0 = Debug|Any CPU
		{9C2A3666-876A-4EEB-9066-3A83887C9E90}.Release|Any CPU.ActiveCfg = Release|Any CPU
		{9C2A3666-876A-4EEB-9066-3A83887C9E90}.Release|Any CPU.Build.0 = Release|Any CPU
		{D9FC4278-AE27-4731-B29B-BFA65A3DB177}.Debug|Any CPU.ActiveCfg = Debug|Any CPU
		{D9FC4278-AE27-4731-B29B-BFA65A3DB177}.Debug|Any CPU.Build.0 = Debug|Any CPU
		{D9FC4278-AE27-4731-B29B-BFA65A3DB177}.Release|Any CPU.ActiveCfg = Release|Any CPU
		{D9FC4278-AE27-4731-B29B-BFA65A3DB177}.Release|Any CPU.Build.0 = Release|Any CPU
		{DBD2ACED-96EC-450B-8DE2-B5DDE0C07943}.Debug|Any CPU.ActiveCfg = Debug|Any CPU
		{DBD2ACED-96EC-450B-8DE2-B5DDE0C07943}.Debug|Any CPU.Build.0 = Debug|Any CPU
		{DBD2ACED-96EC-450B-8DE2-B5DDE0C07943}.Release|Any CPU.ActiveCfg = Release|Any CPU
		{DBD2ACED-96EC-450B-8DE2-B5DDE0C07943}.Release|Any CPU.Build.0 = Release|Any CPU
		{126B4B14-7C14-46DB-9B40-4C6C49D6CFCD}.Debug|Any CPU.ActiveCfg = Debug|Any CPU
		{126B4B14-7C14-46DB-9B40-4C6C49D6CFCD}.Debug|Any CPU.Build.0 = Debug|Any CPU
		{126B4B14-7C14-46DB-9B40-4C6C49D6CFCD}.Release|Any CPU.ActiveCfg = Release|Any CPU
		{126B4B14-7C14-46DB-9B40-4C6C49D6CFCD}.Release|Any CPU.Build.0 = Release|Any CPU
	EndGlobalSection
	GlobalSection(SolutionProperties) = preSolution
		HideSolutionNode = FALSE
	EndGlobalSection
	GlobalSection(NestedProjects) = preSolution
		{AAB3FC5D-B6DB-4A3D-B3B7-C3DF2C821A34} = {95D532BE-5234-4900-B7DB-FE242830A0BE}
		{95A9C5FF-1AAA-4297-93BB-44259209414C} = {95D532BE-5234-4900-B7DB-FE242830A0BE}
		{9645F5A8-4318-4F92-840F-4F9409A9D2BC} = {95D532BE-5234-4900-B7DB-FE242830A0BE}
		{4F20458E-58DD-4A14-9CA0-B7DD43CE107D} = {95D532BE-5234-4900-B7DB-FE242830A0BE}
		{E1F9F413-8C0D-4E89-BD04-61D90EB58346} = {60062EAC-65E9-48D5-928A-E42F5E6173E3}
		{E3560411-B19E-4B3C-BA37-E117572409A0} = {60062EAC-65E9-48D5-928A-E42F5E6173E3}
		{1456A396-306C-4D93-A3E2-1DE633F8DB43} = {60062EAC-65E9-48D5-928A-E42F5E6173E3}
		{00C4481E-B7DC-41A2-BD03-3E56EA12030C} = {60062EAC-65E9-48D5-928A-E42F5E6173E3}
		{0316FB0F-ADA3-4926-BF48-3C5D11C802EC} = {60062EAC-65E9-48D5-928A-E42F5E6173E3}
		{CE2602F3-6444-43D4-855E-B423D63712E6} = {60062EAC-65E9-48D5-928A-E42F5E6173E3}
		{CE72999B-9EBA-447A-A451-1D3AFDC1F0DC} = {60062EAC-65E9-48D5-928A-E42F5E6173E3}
		{47ACE55C-457F-48BF-AB62-98DC6308F21A} = {60062EAC-65E9-48D5-928A-E42F5E6173E3}
		{8B295FF8-2169-42F8-9195-AC3413E93501} = {60062EAC-65E9-48D5-928A-E42F5E6173E3}
		{3EE83E40-7734-496B-80A3-BF7A644C6CC3} = {60062EAC-65E9-48D5-928A-E42F5E6173E3}
		{D9187B98-2C6B-4FCF-88E8-1D08530FC4D4} = {60062EAC-65E9-48D5-928A-E42F5E6173E3}
		{148BC908-2931-45A0-A627-AA47546959E3} = {FD831645-9BEE-4904-A1BB-26EAAD1D240F}
		{5B04E1B2-BFEE-4024-9F0F-78097FA8AA02} = {FD831645-9BEE-4904-A1BB-26EAAD1D240F}
		{32F7FE3F-9A92-46EC-A631-EEE387F998B5} = {FD831645-9BEE-4904-A1BB-26EAAD1D240F}
		{F8B9D7C3-B122-4922-B8A1-426B439F8A0B} = {FD831645-9BEE-4904-A1BB-26EAAD1D240F}
		{7C58CD2E-4ED3-41CB-9ABD-AFAC535625F6} = {FD831645-9BEE-4904-A1BB-26EAAD1D240F}
		{AF37D8A5-08D8-4D5C-891D-68BD5F1C5E4D} = {FD831645-9BEE-4904-A1BB-26EAAD1D240F}
		{152D87DE-5C05-4422-9889-231EDC47E4BF} = {FD831645-9BEE-4904-A1BB-26EAAD1D240F}
		{94C794CB-5E1C-4B17-B97F-2757DF44E24C} = {FD831645-9BEE-4904-A1BB-26EAAD1D240F}
		{6C1DE780-7812-495C-BE26-902703EC5DEF} = {FD831645-9BEE-4904-A1BB-26EAAD1D240F}
		{80B38403-460C-49BD-A1F2-83CB992124C7} = {FD831645-9BEE-4904-A1BB-26EAAD1D240F}
		{F5A27EE2-0C2A-4531-A3DC-4D67F05E838B} = {FD831645-9BEE-4904-A1BB-26EAAD1D240F}
		{C4BF04E0-A051-4771-B27D-B56DAD907419} = {7FDBBBEF-6C77-40D9-96E9-94A67C32A3FC}
		{59C1354D-7634-4F52-B06A-AA7BB1303458} = {7FDBBBEF-6C77-40D9-96E9-94A67C32A3FC}
		{F0A46499-B3B1-4DEF-9AD5-5721979DBC46} = {7FDBBBEF-6C77-40D9-96E9-94A67C32A3FC}
		{3E9F4D62-D441-4987-B718-E2749EEEA087} = {7FDBBBEF-6C77-40D9-96E9-94A67C32A3FC}
		{638F4D3E-0189-4C73-A528-1A061DB4571C} = {7FDBBBEF-6C77-40D9-96E9-94A67C32A3FC}
		{B922F5D1-E199-429C-AC98-642871D1B60C} = {7FDBBBEF-6C77-40D9-96E9-94A67C32A3FC}
		{9C2A3666-876A-4EEB-9066-3A83887C9E90} = {7FDBBBEF-6C77-40D9-96E9-94A67C32A3FC}
		{D9FC4278-AE27-4731-B29B-BFA65A3DB177} = {7FDBBBEF-6C77-40D9-96E9-94A67C32A3FC}
		{DBD2ACED-96EC-450B-8DE2-B5DDE0C07943} = {7FDBBBEF-6C77-40D9-96E9-94A67C32A3FC}
		{126B4B14-7C14-46DB-9B40-4C6C49D6CFCD} = {7FDBBBEF-6C77-40D9-96E9-94A67C32A3FC}
	EndGlobalSection
	GlobalSection(ExtensibilityGlobals) = postSolution
		SolutionGuid = {D15D2A63-CF40-4CE2-864F-D882A7958072}
	EndGlobalSection
EndGlobal
